
Microsoft Visual Studio Solution File, Format Version 12.00
# Visual Studio Version 16
VisualStudioVersion = 16.0.32106.194
MinimumVisualStudioVersion = 10.0.40219.1
Project("{FAE04EC0-301F-11D3-BF4B-00C04F79EFBC}") = "Individuellt databasprojekt", "Individuellt databasprojekt\Individuellt databasprojekt.csproj", "{0B49C4D9-38AB-4391-9219-077BB4B0994D}"
EndProject
Global
	GlobalSection(SolutionConfigurationPlatforms) = preSolution
		Debug|Any CPU = Debug|Any CPU
		Release|Any CPU = Release|Any CPU
	EndGlobalSection
	GlobalSection(ProjectConfigurationPlatforms) = postSolution
		{0B49C4D9-38AB-4391-9219-077BB4B0994D}.Debug|Any CPU.ActiveCfg = Debug|Any CPU
		{0B49C4D9-38AB-4391-9219-077BB4B0994D}.Debug|Any CPU.Build.0 = Debug|Any CPU
		{0B49C4D9-38AB-4391-9219-077BB4B0994D}.Release|Any CPU.ActiveCfg = Release|Any CPU
		{0B49C4D9-38AB-4391-9219-077BB4B0994D}.Release|Any CPU.Build.0 = Release|Any CPU
	EndGlobalSection
	GlobalSection(SolutionProperties) = preSolution
		HideSolutionNode = FALSE
	EndGlobalSection
	GlobalSection(ExtensibilityGlobals) = postSolution
		SolutionGuid = {452D2FD6-123A-4A5F-976F-0C3D47A3F7F0}
	EndGlobalSection
EndGlobal
